// !$*UTF8*$!
{
	archiveVersion = 1;
	classes = {
	};
	objectVersion = 46;
	objects = {

/* Begin PBXAggregateTarget section */
		"Pixela::PixelaPackageTests::ProductTarget" /* PixelaPackageTests */ = {
			isa = PBXAggregateTarget;
			buildConfigurationList = OBJ_103 /* Build configuration list for PBXAggregateTarget "PixelaPackageTests" */;
			buildPhases = (
			);
			dependencies = (
				OBJ_106 /* PBXTargetDependency */,
			);
			name = PixelaPackageTests;
			productName = PixelaPackageTests;
		};
/* End PBXAggregateTarget section */

/* Begin PBXBuildFile section */
		FAB46367241B821A008362C3 /* PixelaRequest.swift in Sources */ = {isa = PBXBuildFile; fileRef = FAB46365241B8212008362C3 /* PixelaRequest.swift */; };
		FAB46369241B82A9008362C3 /* PixelaError.swift in Sources */ = {isa = PBXBuildFile; fileRef = FAB46368241B82A9008362C3 /* PixelaError.swift */; };
		FAB4636B241B82C1008362C3 /* DecodableDataParser.swift in Sources */ = {isa = PBXBuildFile; fileRef = FAB4636A241B82C1008362C3 /* DecodableDataParser.swift */; };
		FAB4636D241B8593008362C3 /* APIClient.swift in Sources */ = {isa = PBXBuildFile; fileRef = FAB4636C241B8593008362C3 /* APIClient.swift */; };
		FAB4636F241B8A60008362C3 /* PixelaAPI.swift in Sources */ = {isa = PBXBuildFile; fileRef = FAB4636E241B8A60008362C3 /* PixelaAPI.swift */; };
		FAB46372241B8EDA008362C3 /* UsersRequest.swift in Sources */ = {isa = PBXBuildFile; fileRef = FAB46371241B8EDA008362C3 /* UsersRequest.swift */; };
		FAB46377241B92B0008362C3 /* ErrorMessage.swift in Sources */ = {isa = PBXBuildFile; fileRef = FAB46376241B92B0008362C3 /* ErrorMessage.swift */; };
		FAB46379241BC3B4008362C3 /* ChannelsRequest.swift in Sources */ = {isa = PBXBuildFile; fileRef = FAB46378241BC3B4008362C3 /* ChannelsRequest.swift */; };
		FAB4637B241BC4F1008362C3 /* ChannelType.swift in Sources */ = {isa = PBXBuildFile; fileRef = FAB4637A241BC4F1008362C3 /* ChannelType.swift */; };
		FAB4637D241BC566008362C3 /* Channel.swift in Sources */ = {isa = PBXBuildFile; fileRef = FAB4637C241BC566008362C3 /* Channel.swift */; };
		FAB4637F241BC784008362C3 /* NotificationType.swift in Sources */ = {isa = PBXBuildFile; fileRef = FAB4637E241BC784008362C3 /* NotificationType.swift */; };
		OBJ_101 /* Package.swift in Sources */ = {isa = PBXBuildFile; fileRef = OBJ_6 /* Package.swift */; };
		OBJ_112 /* PixelaTests.swift in Sources */ = {isa = PBXBuildFile; fileRef = OBJ_13 /* PixelaTests.swift */; };
		OBJ_113 /* XCTestManifests.swift in Sources */ = {isa = PBXBuildFile; fileRef = OBJ_14 /* XCTestManifests.swift */; };
		OBJ_115 /* Pixela.framework in Frameworks */ = {isa = PBXBuildFile; fileRef = "Pixela::Pixela::Product" /* Pixela.framework */; };
		OBJ_116 /* APIKit.framework in Frameworks */ = {isa = PBXBuildFile; fileRef = "APIKit::APIKit::Product" /* APIKit.framework */; };
		OBJ_57 /* BodyParameters.swift in Sources */ = {isa = PBXBuildFile; fileRef = OBJ_19 /* BodyParameters.swift */; };
		OBJ_58 /* Data+InputStream.swift in Sources */ = {isa = PBXBuildFile; fileRef = OBJ_20 /* Data+InputStream.swift */; };
		OBJ_59 /* FormURLEncodedBodyParameters.swift in Sources */ = {isa = PBXBuildFile; fileRef = OBJ_21 /* FormURLEncodedBodyParameters.swift */; };
		OBJ_60 /* JSONBodyParameters.swift in Sources */ = {isa = PBXBuildFile; fileRef = OBJ_22 /* JSONBodyParameters.swift */; };
		OBJ_61 /* MultipartFormDataBodyParameters.swift in Sources */ = {isa = PBXBuildFile; fileRef = OBJ_23 /* MultipartFormDataBodyParameters.swift */; };
		OBJ_62 /* ProtobufBodyParameters.swift in Sources */ = {isa = PBXBuildFile; fileRef = OBJ_24 /* ProtobufBodyParameters.swift */; };
		OBJ_63 /* CallbackQueue.swift in Sources */ = {isa = PBXBuildFile; fileRef = OBJ_25 /* CallbackQueue.swift */; };
		OBJ_64 /* DataParser.swift in Sources */ = {isa = PBXBuildFile; fileRef = OBJ_27 /* DataParser.swift */; };
		OBJ_65 /* FormURLEncodedDataParser.swift in Sources */ = {isa = PBXBuildFile; fileRef = OBJ_28 /* FormURLEncodedDataParser.swift */; };
		OBJ_66 /* JSONDataParser.swift in Sources */ = {isa = PBXBuildFile; fileRef = OBJ_29 /* JSONDataParser.swift */; };
		OBJ_67 /* ProtobufDataParser.swift in Sources */ = {isa = PBXBuildFile; fileRef = OBJ_30 /* ProtobufDataParser.swift */; };
		OBJ_68 /* StringDataParser.swift in Sources */ = {isa = PBXBuildFile; fileRef = OBJ_31 /* StringDataParser.swift */; };
		OBJ_69 /* RequestError.swift in Sources */ = {isa = PBXBuildFile; fileRef = OBJ_33 /* RequestError.swift */; };
		OBJ_70 /* ResponseError.swift in Sources */ = {isa = PBXBuildFile; fileRef = OBJ_34 /* ResponseError.swift */; };
		OBJ_71 /* SessionTaskError.swift in Sources */ = {isa = PBXBuildFile; fileRef = OBJ_35 /* SessionTaskError.swift */; };
		OBJ_72 /* HTTPMethod.swift in Sources */ = {isa = PBXBuildFile; fileRef = OBJ_36 /* HTTPMethod.swift */; };
		OBJ_73 /* Request.swift in Sources */ = {isa = PBXBuildFile; fileRef = OBJ_37 /* Request.swift */; };
		OBJ_74 /* URLEncodedSerialization.swift in Sources */ = {isa = PBXBuildFile; fileRef = OBJ_39 /* URLEncodedSerialization.swift */; };
		OBJ_75 /* Session.swift in Sources */ = {isa = PBXBuildFile; fileRef = OBJ_40 /* Session.swift */; };
		OBJ_76 /* SessionAdapter.swift in Sources */ = {isa = PBXBuildFile; fileRef = OBJ_42 /* SessionAdapter.swift */; };
		OBJ_77 /* URLSessionAdapter.swift in Sources */ = {isa = PBXBuildFile; fileRef = OBJ_43 /* URLSessionAdapter.swift */; };
		OBJ_78 /* Unavailable.swift in Sources */ = {isa = PBXBuildFile; fileRef = OBJ_44 /* Unavailable.swift */; };
		OBJ_85 /* Package.swift in Sources */ = {isa = PBXBuildFile; fileRef = OBJ_45 /* Package.swift */; };
		OBJ_91 /* Configuration.swift in Sources */ = {isa = PBXBuildFile; fileRef = OBJ_9 /* Configuration.swift */; };
		OBJ_92 /* Pixela.swift in Sources */ = {isa = PBXBuildFile; fileRef = OBJ_10 /* Pixela.swift */; };
		OBJ_94 /* APIKit.framework in Frameworks */ = {isa = PBXBuildFile; fileRef = "APIKit::APIKit::Product" /* APIKit.framework */; };
/* End PBXBuildFile section */

/* Begin PBXContainerItemProxy section */
		FAB4635B241B8197008362C3 /* PBXContainerItemProxy */ = {
			isa = PBXContainerItemProxy;
			containerPortal = OBJ_1 /* Project object */;
			proxyType = 1;
			remoteGlobalIDString = "APIKit::APIKit";
			remoteInfo = APIKit;
		};
		FAB4635C241B8197008362C3 /* PBXContainerItemProxy */ = {
			isa = PBXContainerItemProxy;
			containerPortal = OBJ_1 /* Project object */;
			proxyType = 1;
			remoteGlobalIDString = "Pixela::Pixela";
			remoteInfo = Pixela;
		};
		FAB4635D241B8197008362C3 /* PBXContainerItemProxy */ = {
			isa = PBXContainerItemProxy;
			containerPortal = OBJ_1 /* Project object */;
			proxyType = 1;
			remoteGlobalIDString = "APIKit::APIKit";
			remoteInfo = APIKit;
		};
		FAB4635E241B8197008362C3 /* PBXContainerItemProxy */ = {
			isa = PBXContainerItemProxy;
			containerPortal = OBJ_1 /* Project object */;
			proxyType = 1;
			remoteGlobalIDString = "Pixela::PixelaTests";
			remoteInfo = PixelaTests;
		};
/* End PBXContainerItemProxy section */

/* Begin PBXFileReference section */
		"APIKit::APIKit::Product" /* APIKit.framework */ = {isa = PBXFileReference; lastKnownFileType = wrapper.framework; path = APIKit.framework; sourceTree = BUILT_PRODUCTS_DIR; };
		FAB46365241B8212008362C3 /* PixelaRequest.swift */ = {isa = PBXFileReference; lastKnownFileType = sourcecode.swift; path = PixelaRequest.swift; sourceTree = "<group>"; };
		FAB46368241B82A9008362C3 /* PixelaError.swift */ = {isa = PBXFileReference; lastKnownFileType = sourcecode.swift; path = PixelaError.swift; sourceTree = "<group>"; };
		FAB4636A241B82C1008362C3 /* DecodableDataParser.swift */ = {isa = PBXFileReference; lastKnownFileType = sourcecode.swift; path = DecodableDataParser.swift; sourceTree = "<group>"; };
		FAB4636C241B8593008362C3 /* APIClient.swift */ = {isa = PBXFileReference; lastKnownFileType = sourcecode.swift; path = APIClient.swift; sourceTree = "<group>"; };
		FAB4636E241B8A60008362C3 /* PixelaAPI.swift */ = {isa = PBXFileReference; lastKnownFileType = sourcecode.swift; path = PixelaAPI.swift; sourceTree = "<group>"; };
		FAB46371241B8EDA008362C3 /* UsersRequest.swift */ = {isa = PBXFileReference; lastKnownFileType = sourcecode.swift; path = UsersRequest.swift; sourceTree = "<group>"; };
		FAB46376241B92B0008362C3 /* ErrorMessage.swift */ = {isa = PBXFileReference; lastKnownFileType = sourcecode.swift; path = ErrorMessage.swift; sourceTree = "<group>"; };
		FAB46378241BC3B4008362C3 /* ChannelsRequest.swift */ = {isa = PBXFileReference; lastKnownFileType = sourcecode.swift; path = ChannelsRequest.swift; sourceTree = "<group>"; };
		FAB4637A241BC4F1008362C3 /* ChannelType.swift */ = {isa = PBXFileReference; lastKnownFileType = sourcecode.swift; path = ChannelType.swift; sourceTree = "<group>"; };
		FAB4637C241BC566008362C3 /* Channel.swift */ = {isa = PBXFileReference; lastKnownFileType = sourcecode.swift; path = Channel.swift; sourceTree = "<group>"; };
		FAB4637E241BC784008362C3 /* NotificationType.swift */ = {isa = PBXFileReference; lastKnownFileType = sourcecode.swift; path = NotificationType.swift; sourceTree = "<group>"; };
		OBJ_10 /* Pixela.swift */ = {isa = PBXFileReference; lastKnownFileType = sourcecode.swift; path = Pixela.swift; sourceTree = "<group>"; };
		OBJ_13 /* PixelaTests.swift */ = {isa = PBXFileReference; lastKnownFileType = sourcecode.swift; path = PixelaTests.swift; sourceTree = "<group>"; };
		OBJ_14 /* XCTestManifests.swift */ = {isa = PBXFileReference; lastKnownFileType = sourcecode.swift; path = XCTestManifests.swift; sourceTree = "<group>"; };
		OBJ_19 /* BodyParameters.swift */ = {isa = PBXFileReference; lastKnownFileType = sourcecode.swift; path = BodyParameters.swift; sourceTree = "<group>"; };
		OBJ_20 /* Data+InputStream.swift */ = {isa = PBXFileReference; lastKnownFileType = sourcecode.swift; path = "Data+InputStream.swift"; sourceTree = "<group>"; };
		OBJ_21 /* FormURLEncodedBodyParameters.swift */ = {isa = PBXFileReference; lastKnownFileType = sourcecode.swift; path = FormURLEncodedBodyParameters.swift; sourceTree = "<group>"; };
		OBJ_22 /* JSONBodyParameters.swift */ = {isa = PBXFileReference; lastKnownFileType = sourcecode.swift; path = JSONBodyParameters.swift; sourceTree = "<group>"; };
		OBJ_23 /* MultipartFormDataBodyParameters.swift */ = {isa = PBXFileReference; lastKnownFileType = sourcecode.swift; path = MultipartFormDataBodyParameters.swift; sourceTree = "<group>"; };
		OBJ_24 /* ProtobufBodyParameters.swift */ = {isa = PBXFileReference; lastKnownFileType = sourcecode.swift; path = ProtobufBodyParameters.swift; sourceTree = "<group>"; };
		OBJ_25 /* CallbackQueue.swift */ = {isa = PBXFileReference; lastKnownFileType = sourcecode.swift; path = CallbackQueue.swift; sourceTree = "<group>"; };
		OBJ_27 /* DataParser.swift */ = {isa = PBXFileReference; lastKnownFileType = sourcecode.swift; path = DataParser.swift; sourceTree = "<group>"; };
		OBJ_28 /* FormURLEncodedDataParser.swift */ = {isa = PBXFileReference; lastKnownFileType = sourcecode.swift; path = FormURLEncodedDataParser.swift; sourceTree = "<group>"; };
		OBJ_29 /* JSONDataParser.swift */ = {isa = PBXFileReference; lastKnownFileType = sourcecode.swift; path = JSONDataParser.swift; sourceTree = "<group>"; };
		OBJ_30 /* ProtobufDataParser.swift */ = {isa = PBXFileReference; lastKnownFileType = sourcecode.swift; path = ProtobufDataParser.swift; sourceTree = "<group>"; };
		OBJ_31 /* StringDataParser.swift */ = {isa = PBXFileReference; lastKnownFileType = sourcecode.swift; path = StringDataParser.swift; sourceTree = "<group>"; };
		OBJ_33 /* RequestError.swift */ = {isa = PBXFileReference; lastKnownFileType = sourcecode.swift; path = RequestError.swift; sourceTree = "<group>"; };
		OBJ_34 /* ResponseError.swift */ = {isa = PBXFileReference; lastKnownFileType = sourcecode.swift; path = ResponseError.swift; sourceTree = "<group>"; };
		OBJ_35 /* SessionTaskError.swift */ = {isa = PBXFileReference; lastKnownFileType = sourcecode.swift; path = SessionTaskError.swift; sourceTree = "<group>"; };
		OBJ_36 /* HTTPMethod.swift */ = {isa = PBXFileReference; lastKnownFileType = sourcecode.swift; path = HTTPMethod.swift; sourceTree = "<group>"; };
		OBJ_37 /* Request.swift */ = {isa = PBXFileReference; lastKnownFileType = sourcecode.swift; path = Request.swift; sourceTree = "<group>"; };
		OBJ_39 /* URLEncodedSerialization.swift */ = {isa = PBXFileReference; lastKnownFileType = sourcecode.swift; path = URLEncodedSerialization.swift; sourceTree = "<group>"; };
		OBJ_40 /* Session.swift */ = {isa = PBXFileReference; lastKnownFileType = sourcecode.swift; path = Session.swift; sourceTree = "<group>"; };
		OBJ_42 /* SessionAdapter.swift */ = {isa = PBXFileReference; lastKnownFileType = sourcecode.swift; path = SessionAdapter.swift; sourceTree = "<group>"; };
		OBJ_43 /* URLSessionAdapter.swift */ = {isa = PBXFileReference; lastKnownFileType = sourcecode.swift; path = URLSessionAdapter.swift; sourceTree = "<group>"; };
		OBJ_44 /* Unavailable.swift */ = {isa = PBXFileReference; lastKnownFileType = sourcecode.swift; path = Unavailable.swift; sourceTree = "<group>"; };
		OBJ_45 /* Package.swift */ = {isa = PBXFileReference; explicitFileType = sourcecode.swift; name = Package.swift; path = /Users/Econa/Git/Swift/Pixela.swift/.build/checkouts/APIKit/Package.swift; sourceTree = "<group>"; };
		OBJ_50 /* LICENSE */ = {isa = PBXFileReference; lastKnownFileType = text; path = LICENSE; sourceTree = "<group>"; };
		OBJ_51 /* README.md */ = {isa = PBXFileReference; lastKnownFileType = net.daringfireball.markdown; path = README.md; sourceTree = "<group>"; };
		OBJ_6 /* Package.swift */ = {isa = PBXFileReference; explicitFileType = sourcecode.swift; path = Package.swift; sourceTree = "<group>"; };
		OBJ_9 /* Configuration.swift */ = {isa = PBXFileReference; lastKnownFileType = sourcecode.swift; path = Configuration.swift; sourceTree = "<group>"; };
		"Pixela::Pixela::Product" /* Pixela.framework */ = {isa = PBXFileReference; lastKnownFileType = wrapper.framework; path = Pixela.framework; sourceTree = BUILT_PRODUCTS_DIR; };
		"Pixela::PixelaTests::Product" /* PixelaTests.xctest */ = {isa = PBXFileReference; lastKnownFileType = file; path = PixelaTests.xctest; sourceTree = BUILT_PRODUCTS_DIR; };
/* End PBXFileReference section */

/* Begin PBXFrameworksBuildPhase section */
		OBJ_114 /* Frameworks */ = {
			isa = PBXFrameworksBuildPhase;
			buildActionMask = 0;
			files = (
				OBJ_115 /* Pixela.framework in Frameworks */,
				OBJ_116 /* APIKit.framework in Frameworks */,
			);
			runOnlyForDeploymentPostprocessing = 0;
		};
		OBJ_79 /* Frameworks */ = {
			isa = PBXFrameworksBuildPhase;
			buildActionMask = 0;
			files = (
			);
			runOnlyForDeploymentPostprocessing = 0;
		};
		OBJ_93 /* Frameworks */ = {
			isa = PBXFrameworksBuildPhase;
			buildActionMask = 0;
			files = (
				OBJ_94 /* APIKit.framework in Frameworks */,
			);
			runOnlyForDeploymentPostprocessing = 0;
		};
/* End PBXFrameworksBuildPhase section */

/* Begin PBXGroup section */
		FAB46364241B81FE008362C3 /* API */ = {
			isa = PBXGroup;
			children = (
				FAB46370241B8A7F008362C3 /* Requests */,
				FAB4636C241B8593008362C3 /* APIClient.swift */,
				FAB4636E241B8A60008362C3 /* PixelaAPI.swift */,
				FAB46365241B8212008362C3 /* PixelaRequest.swift */,
				FAB4636A241B82C1008362C3 /* DecodableDataParser.swift */,
			);
			path = API;
			sourceTree = "<group>";
		};
		FAB46370241B8A7F008362C3 /* Requests */ = {
			isa = PBXGroup;
			children = (
				FAB46371241B8EDA008362C3 /* UsersRequest.swift */,
				FAB46378241BC3B4008362C3 /* ChannelsRequest.swift */,
			);
			path = Requests;
			sourceTree = "<group>";
		};
		FAB46373241B9274008362C3 /* Entities */ = {
			isa = PBXGroup;
			children = (
				FAB46376241B92B0008362C3 /* ErrorMessage.swift */,
				FAB4637C241BC566008362C3 /* Channel.swift */,
				FAB4637E241BC784008362C3 /* NotificationType.swift */,
				FAB4637A241BC4F1008362C3 /* ChannelType.swift */,
			);
			path = Entities;
			sourceTree = "<group>";
		};
		OBJ_11 /* Tests */ = {
			isa = PBXGroup;
			children = (
				OBJ_12 /* PixelaTests */,
			);
			name = Tests;
			sourceTree = SOURCE_ROOT;
		};
		OBJ_12 /* PixelaTests */ = {
			isa = PBXGroup;
			children = (
				OBJ_13 /* PixelaTests.swift */,
				OBJ_14 /* XCTestManifests.swift */,
			);
			name = PixelaTests;
			path = Tests/PixelaTests;
			sourceTree = SOURCE_ROOT;
		};
		OBJ_15 /* Dependencies */ = {
			isa = PBXGroup;
			children = (
				OBJ_16 /* APIKit 5.1.0 */,
			);
			name = Dependencies;
			sourceTree = "<group>";
		};
		OBJ_16 /* APIKit 5.1.0 */ = {
			isa = PBXGroup;
			children = (
				OBJ_17 /* APIKit */,
				OBJ_45 /* Package.swift */,
			);
			name = "APIKit 5.1.0";
			sourceTree = SOURCE_ROOT;
		};
		OBJ_17 /* APIKit */ = {
			isa = PBXGroup;
			children = (
				OBJ_18 /* BodyParameters */,
				OBJ_25 /* CallbackQueue.swift */,
				OBJ_26 /* DataParser */,
				OBJ_32 /* Error */,
				OBJ_36 /* HTTPMethod.swift */,
				OBJ_37 /* Request.swift */,
				OBJ_38 /* Serializations */,
				OBJ_40 /* Session.swift */,
				OBJ_41 /* SessionAdapter */,
				OBJ_44 /* Unavailable.swift */,
			);
			name = APIKit;
			path = .build/checkouts/APIKit/Sources/APIKit;
			sourceTree = SOURCE_ROOT;
		};
		OBJ_18 /* BodyParameters */ = {
			isa = PBXGroup;
			children = (
				OBJ_19 /* BodyParameters.swift */,
				OBJ_20 /* Data+InputStream.swift */,
				OBJ_21 /* FormURLEncodedBodyParameters.swift */,
				OBJ_22 /* JSONBodyParameters.swift */,
				OBJ_23 /* MultipartFormDataBodyParameters.swift */,
				OBJ_24 /* ProtobufBodyParameters.swift */,
			);
			path = BodyParameters;
			sourceTree = "<group>";
		};
		OBJ_26 /* DataParser */ = {
			isa = PBXGroup;
			children = (
				OBJ_27 /* DataParser.swift */,
				OBJ_28 /* FormURLEncodedDataParser.swift */,
				OBJ_29 /* JSONDataParser.swift */,
				OBJ_30 /* ProtobufDataParser.swift */,
				OBJ_31 /* StringDataParser.swift */,
			);
			path = DataParser;
			sourceTree = "<group>";
		};
		OBJ_32 /* Error */ = {
			isa = PBXGroup;
			children = (
				OBJ_33 /* RequestError.swift */,
				OBJ_34 /* ResponseError.swift */,
				OBJ_35 /* SessionTaskError.swift */,
			);
			path = Error;
			sourceTree = "<group>";
		};
		OBJ_38 /* Serializations */ = {
			isa = PBXGroup;
			children = (
				OBJ_39 /* URLEncodedSerialization.swift */,
			);
			path = Serializations;
			sourceTree = "<group>";
		};
		OBJ_41 /* SessionAdapter */ = {
			isa = PBXGroup;
			children = (
				OBJ_42 /* SessionAdapter.swift */,
				OBJ_43 /* URLSessionAdapter.swift */,
			);
			path = SessionAdapter;
			sourceTree = "<group>";
		};
		OBJ_46 /* Products */ = {
			isa = PBXGroup;
			children = (
				"Pixela::PixelaTests::Product" /* PixelaTests.xctest */,
				"Pixela::Pixela::Product" /* Pixela.framework */,
				"APIKit::APIKit::Product" /* APIKit.framework */,
			);
			name = Products;
			sourceTree = BUILT_PRODUCTS_DIR;
		};
		OBJ_5 /*  */ = {
			isa = PBXGroup;
			children = (
				OBJ_6 /* Package.swift */,
				OBJ_7 /* Sources */,
				OBJ_11 /* Tests */,
				OBJ_15 /* Dependencies */,
				OBJ_46 /* Products */,
				OBJ_50 /* LICENSE */,
				OBJ_51 /* README.md */,
			);
			name = "";
			sourceTree = "<group>";
		};
		OBJ_7 /* Sources */ = {
			isa = PBXGroup;
			children = (
				OBJ_8 /* Pixela */,
			);
			name = Sources;
			sourceTree = SOURCE_ROOT;
		};
		OBJ_8 /* Pixela */ = {
			isa = PBXGroup;
			children = (
				FAB46364241B81FE008362C3 /* API */,
				FAB46373241B9274008362C3 /* Entities */,
				OBJ_9 /* Configuration.swift */,
				OBJ_10 /* Pixela.swift */,
				FAB46368241B82A9008362C3 /* PixelaError.swift */,
			);
			name = Pixela;
			path = Sources/Pixela;
			sourceTree = SOURCE_ROOT;
		};
/* End PBXGroup section */

/* Begin PBXNativeTarget section */
		"APIKit::APIKit" /* APIKit */ = {
			isa = PBXNativeTarget;
			buildConfigurationList = OBJ_53 /* Build configuration list for PBXNativeTarget "APIKit" */;
			buildPhases = (
				OBJ_56 /* Sources */,
				OBJ_79 /* Frameworks */,
			);
			buildRules = (
			);
			dependencies = (
			);
			name = APIKit;
			productName = APIKit;
			productReference = "APIKit::APIKit::Product" /* APIKit.framework */;
			productType = "com.apple.product-type.framework";
		};
		"APIKit::SwiftPMPackageDescription" /* APIKitPackageDescription */ = {
			isa = PBXNativeTarget;
			buildConfigurationList = OBJ_81 /* Build configuration list for PBXNativeTarget "APIKitPackageDescription" */;
			buildPhases = (
				OBJ_84 /* Sources */,
			);
			buildRules = (
			);
			dependencies = (
			);
			name = APIKitPackageDescription;
			productName = APIKitPackageDescription;
			productType = "com.apple.product-type.framework";
		};
		"Pixela::Pixela" /* Pixela */ = {
			isa = PBXNativeTarget;
			buildConfigurationList = OBJ_87 /* Build configuration list for PBXNativeTarget "Pixela" */;
			buildPhases = (
				OBJ_90 /* Sources */,
				OBJ_93 /* Frameworks */,
			);
			buildRules = (
			);
			dependencies = (
				OBJ_95 /* PBXTargetDependency */,
			);
			name = Pixela;
			productName = Pixela;
			productReference = "Pixela::Pixela::Product" /* Pixela.framework */;
			productType = "com.apple.product-type.framework";
		};
		"Pixela::PixelaTests" /* PixelaTests */ = {
			isa = PBXNativeTarget;
			buildConfigurationList = OBJ_108 /* Build configuration list for PBXNativeTarget "PixelaTests" */;
			buildPhases = (
				OBJ_111 /* Sources */,
				OBJ_114 /* Frameworks */,
			);
			buildRules = (
			);
			dependencies = (
				OBJ_117 /* PBXTargetDependency */,
				OBJ_118 /* PBXTargetDependency */,
			);
			name = PixelaTests;
			productName = PixelaTests;
			productReference = "Pixela::PixelaTests::Product" /* PixelaTests.xctest */;
			productType = "com.apple.product-type.bundle.unit-test";
		};
		"Pixela::SwiftPMPackageDescription" /* PixelaPackageDescription */ = {
			isa = PBXNativeTarget;
			buildConfigurationList = OBJ_97 /* Build configuration list for PBXNativeTarget "PixelaPackageDescription" */;
			buildPhases = (
				OBJ_100 /* Sources */,
			);
			buildRules = (
			);
			dependencies = (
			);
			name = PixelaPackageDescription;
			productName = PixelaPackageDescription;
			productType = "com.apple.product-type.framework";
		};
/* End PBXNativeTarget section */

/* Begin PBXProject section */
		OBJ_1 /* Project object */ = {
			isa = PBXProject;
			attributes = {
				LastSwiftMigration = 9999;
				LastUpgradeCheck = 9999;
			};
			buildConfigurationList = OBJ_2 /* Build configuration list for PBXProject "Pixela" */;
			compatibilityVersion = "Xcode 3.2";
			developmentRegion = en;
			hasScannedForEncodings = 0;
			knownRegions = (
				en,
			);
			mainGroup = OBJ_5 /*  */;
			productRefGroup = OBJ_46 /* Products */;
			projectDirPath = "";
			projectRoot = "";
			targets = (
				"APIKit::APIKit" /* APIKit */,
				"APIKit::SwiftPMPackageDescription" /* APIKitPackageDescription */,
				"Pixela::Pixela" /* Pixela */,
				"Pixela::SwiftPMPackageDescription" /* PixelaPackageDescription */,
				"Pixela::PixelaPackageTests::ProductTarget" /* PixelaPackageTests */,
				"Pixela::PixelaTests" /* PixelaTests */,
			);
		};
/* End PBXProject section */

/* Begin PBXSourcesBuildPhase section */
		OBJ_100 /* Sources */ = {
			isa = PBXSourcesBuildPhase;
			buildActionMask = 0;
			files = (
				OBJ_101 /* Package.swift in Sources */,
			);
			runOnlyForDeploymentPostprocessing = 0;
		};
		OBJ_111 /* Sources */ = {
			isa = PBXSourcesBuildPhase;
			buildActionMask = 0;
			files = (
				OBJ_112 /* PixelaTests.swift in Sources */,
				OBJ_113 /* XCTestManifests.swift in Sources */,
			);
			runOnlyForDeploymentPostprocessing = 0;
		};
		OBJ_56 /* Sources */ = {
			isa = PBXSourcesBuildPhase;
			buildActionMask = 0;
			files = (
				OBJ_57 /* BodyParameters.swift in Sources */,
				OBJ_58 /* Data+InputStream.swift in Sources */,
				OBJ_59 /* FormURLEncodedBodyParameters.swift in Sources */,
				OBJ_60 /* JSONBodyParameters.swift in Sources */,
				OBJ_61 /* MultipartFormDataBodyParameters.swift in Sources */,
				OBJ_62 /* ProtobufBodyParameters.swift in Sources */,
				OBJ_63 /* CallbackQueue.swift in Sources */,
				OBJ_64 /* DataParser.swift in Sources */,
				OBJ_65 /* FormURLEncodedDataParser.swift in Sources */,
				OBJ_66 /* JSONDataParser.swift in Sources */,
				OBJ_67 /* ProtobufDataParser.swift in Sources */,
				OBJ_68 /* StringDataParser.swift in Sources */,
				OBJ_69 /* RequestError.swift in Sources */,
				OBJ_70 /* ResponseError.swift in Sources */,
				OBJ_71 /* SessionTaskError.swift in Sources */,
				OBJ_72 /* HTTPMethod.swift in Sources */,
				OBJ_73 /* Request.swift in Sources */,
				OBJ_74 /* URLEncodedSerialization.swift in Sources */,
				OBJ_75 /* Session.swift in Sources */,
				OBJ_76 /* SessionAdapter.swift in Sources */,
				OBJ_77 /* URLSessionAdapter.swift in Sources */,
				OBJ_78 /* Unavailable.swift in Sources */,
			);
			runOnlyForDeploymentPostprocessing = 0;
		};
		OBJ_84 /* Sources */ = {
			isa = PBXSourcesBuildPhase;
			buildActionMask = 0;
			files = (
				OBJ_85 /* Package.swift in Sources */,
			);
			runOnlyForDeploymentPostprocessing = 0;
		};
		OBJ_90 /* Sources */ = {
			isa = PBXSourcesBuildPhase;
			buildActionMask = 0;
			files = (
				FAB46372241B8EDA008362C3 /* UsersRequest.swift in Sources */,
				FAB4637D241BC566008362C3 /* Channel.swift in Sources */,
				FAB46369241B82A9008362C3 /* PixelaError.swift in Sources */,
				FAB46377241B92B0008362C3 /* ErrorMessage.swift in Sources */,
				OBJ_91 /* Configuration.swift in Sources */,
				FAB4637F241BC784008362C3 /* NotificationType.swift in Sources */,
				FAB4637B241BC4F1008362C3 /* ChannelType.swift in Sources */,
				FAB46367241B821A008362C3 /* PixelaRequest.swift in Sources */,
				FAB46379241BC3B4008362C3 /* ChannelsRequest.swift in Sources */,
				OBJ_92 /* Pixela.swift in Sources */,
				FAB4636F241B8A60008362C3 /* PixelaAPI.swift in Sources */,
				FAB4636B241B82C1008362C3 /* DecodableDataParser.swift in Sources */,
				FAB4636D241B8593008362C3 /* APIClient.swift in Sources */,
			);
			runOnlyForDeploymentPostprocessing = 0;
		};
/* End PBXSourcesBuildPhase section */

/* Begin PBXTargetDependency section */
		OBJ_106 /* PBXTargetDependency */ = {
			isa = PBXTargetDependency;
			target = "Pixela::PixelaTests" /* PixelaTests */;
			targetProxy = FAB4635E241B8197008362C3 /* PBXContainerItemProxy */;
		};
		OBJ_117 /* PBXTargetDependency */ = {
			isa = PBXTargetDependency;
			target = "Pixela::Pixela" /* Pixela */;
			targetProxy = FAB4635C241B8197008362C3 /* PBXContainerItemProxy */;
		};
		OBJ_118 /* PBXTargetDependency */ = {
			isa = PBXTargetDependency;
			target = "APIKit::APIKit" /* APIKit */;
			targetProxy = FAB4635D241B8197008362C3 /* PBXContainerItemProxy */;
		};
		OBJ_95 /* PBXTargetDependency */ = {
			isa = PBXTargetDependency;
			target = "APIKit::APIKit" /* APIKit */;
			targetProxy = FAB4635B241B8197008362C3 /* PBXContainerItemProxy */;
		};
/* End PBXTargetDependency section */

/* Begin XCBuildConfiguration section */
		OBJ_104 /* Debug */ = {
			isa = XCBuildConfiguration;
			buildSettings = {
			};
			name = Debug;
		};
		OBJ_105 /* Release */ = {
			isa = XCBuildConfiguration;
			buildSettings = {
			};
			name = Release;
		};
		OBJ_109 /* Debug */ = {
			isa = XCBuildConfiguration;
			buildSettings = {
				CLANG_ENABLE_MODULES = YES;
				EMBEDDED_CONTENT_CONTAINS_SWIFT = YES;
				FRAMEWORK_SEARCH_PATHS = (
					"$(inherited)",
					"$(PLATFORM_DIR)/Developer/Library/Frameworks",
				);
				HEADER_SEARCH_PATHS = "$(inherited)";
				INFOPLIST_FILE = Pixela.xcodeproj/PixelaTests_Info.plist;
				IPHONEOS_DEPLOYMENT_TARGET = 8.0;
				LD_RUNPATH_SEARCH_PATHS = "$(inherited) @loader_path/../Frameworks @loader_path/Frameworks";
				MACOSX_DEPLOYMENT_TARGET = 10.10;
				OTHER_CFLAGS = "$(inherited)";
				OTHER_LDFLAGS = "$(inherited)";
				OTHER_SWIFT_FLAGS = "$(inherited)";
				SWIFT_ACTIVE_COMPILATION_CONDITIONS = "$(inherited)";
				SWIFT_VERSION = 5.0;
				TARGET_NAME = PixelaTests;
				TVOS_DEPLOYMENT_TARGET = 9.0;
				WATCHOS_DEPLOYMENT_TARGET = 2.0;
			};
			name = Debug;
		};
		OBJ_110 /* Release */ = {
			isa = XCBuildConfiguration;
			buildSettings = {
				CLANG_ENABLE_MODULES = YES;
				EMBEDDED_CONTENT_CONTAINS_SWIFT = YES;
				FRAMEWORK_SEARCH_PATHS = (
					"$(inherited)",
					"$(PLATFORM_DIR)/Developer/Library/Frameworks",
				);
				HEADER_SEARCH_PATHS = "$(inherited)";
				INFOPLIST_FILE = Pixela.xcodeproj/PixelaTests_Info.plist;
				IPHONEOS_DEPLOYMENT_TARGET = 8.0;
				LD_RUNPATH_SEARCH_PATHS = "$(inherited) @loader_path/../Frameworks @loader_path/Frameworks";
				MACOSX_DEPLOYMENT_TARGET = 10.10;
				OTHER_CFLAGS = "$(inherited)";
				OTHER_LDFLAGS = "$(inherited)";
				OTHER_SWIFT_FLAGS = "$(inherited)";
				SWIFT_ACTIVE_COMPILATION_CONDITIONS = "$(inherited)";
				SWIFT_VERSION = 5.0;
				TARGET_NAME = PixelaTests;
				TVOS_DEPLOYMENT_TARGET = 9.0;
				WATCHOS_DEPLOYMENT_TARGET = 2.0;
			};
			name = Release;
		};
		OBJ_3 /* Debug */ = {
			isa = XCBuildConfiguration;
			buildSettings = {
				CLANG_ENABLE_OBJC_ARC = YES;
				COMBINE_HIDPI_IMAGES = YES;
				COPY_PHASE_STRIP = NO;
				DEBUG_INFORMATION_FORMAT = dwarf;
				DYLIB_INSTALL_NAME_BASE = "@rpath";
				ENABLE_NS_ASSERTIONS = YES;
				GCC_OPTIMIZATION_LEVEL = 0;
				GCC_PREPROCESSOR_DEFINITIONS = (
					"$(inherited)",
					"SWIFT_PACKAGE=1",
					"DEBUG=1",
				);
				MACOSX_DEPLOYMENT_TARGET = 10.10;
				ONLY_ACTIVE_ARCH = YES;
				OTHER_SWIFT_FLAGS = "$(inherited) -DXcode";
				PRODUCT_NAME = "$(TARGET_NAME)";
				SDKROOT = macosx;
				SUPPORTED_PLATFORMS = "macosx iphoneos iphonesimulator appletvos appletvsimulator watchos watchsimulator";
				SWIFT_ACTIVE_COMPILATION_CONDITIONS = "$(inherited) SWIFT_PACKAGE DEBUG";
				SWIFT_OPTIMIZATION_LEVEL = "-Onone";
				USE_HEADERMAP = NO;
			};
			name = Debug;
		};
		OBJ_4 /* Release */ = {
			isa = XCBuildConfiguration;
			buildSettings = {
				CLANG_ENABLE_OBJC_ARC = YES;
				COMBINE_HIDPI_IMAGES = YES;
				COPY_PHASE_STRIP = YES;
				DEBUG_INFORMATION_FORMAT = "dwarf-with-dsym";
				DYLIB_INSTALL_NAME_BASE = "@rpath";
				GCC_OPTIMIZATION_LEVEL = s;
				GCC_PREPROCESSOR_DEFINITIONS = (
					"$(inherited)",
					"SWIFT_PACKAGE=1",
				);
				MACOSX_DEPLOYMENT_TARGET = 10.10;
				OTHER_SWIFT_FLAGS = "$(inherited) -DXcode";
				PRODUCT_NAME = "$(TARGET_NAME)";
				SDKROOT = macosx;
				SUPPORTED_PLATFORMS = "macosx iphoneos iphonesimulator appletvos appletvsimulator watchos watchsimulator";
				SWIFT_ACTIVE_COMPILATION_CONDITIONS = "$(inherited) SWIFT_PACKAGE";
				SWIFT_OPTIMIZATION_LEVEL = "-Owholemodule";
				USE_HEADERMAP = NO;
			};
			name = Release;
		};
		OBJ_54 /* Debug */ = {
			isa = XCBuildConfiguration;
			buildSettings = {
				ENABLE_TESTABILITY = YES;
				FRAMEWORK_SEARCH_PATHS = (
					"$(inherited)",
					"$(PLATFORM_DIR)/Developer/Library/Frameworks",
				);
				HEADER_SEARCH_PATHS = "$(inherited)";
				INFOPLIST_FILE = Pixela.xcodeproj/APIKit_Info.plist;
				IPHONEOS_DEPLOYMENT_TARGET = 8.0;
				LD_RUNPATH_SEARCH_PATHS = "$(inherited) $(TOOLCHAIN_DIR)/usr/lib/swift/macosx";
				MACOSX_DEPLOYMENT_TARGET = 10.10;
				OTHER_CFLAGS = "$(inherited)";
				OTHER_LDFLAGS = "$(inherited)";
				OTHER_SWIFT_FLAGS = "$(inherited)";
				PRODUCT_BUNDLE_IDENTIFIER = APIKit;
				PRODUCT_MODULE_NAME = "$(TARGET_NAME:c99extidentifier)";
				PRODUCT_NAME = "$(TARGET_NAME:c99extidentifier)";
				SKIP_INSTALL = YES;
				SWIFT_ACTIVE_COMPILATION_CONDITIONS = "$(inherited)";
				SWIFT_VERSION = 5.0;
				TARGET_NAME = APIKit;
				TVOS_DEPLOYMENT_TARGET = 9.0;
				WATCHOS_DEPLOYMENT_TARGET = 2.0;
			};
			name = Debug;
		};
		OBJ_55 /* Release */ = {
			isa = XCBuildConfiguration;
			buildSettings = {
				ENABLE_TESTABILITY = YES;
				FRAMEWORK_SEARCH_PATHS = (
					"$(inherited)",
					"$(PLATFORM_DIR)/Developer/Library/Frameworks",
				);
				HEADER_SEARCH_PATHS = "$(inherited)";
				INFOPLIST_FILE = Pixela.xcodeproj/APIKit_Info.plist;
				IPHONEOS_DEPLOYMENT_TARGET = 8.0;
				LD_RUNPATH_SEARCH_PATHS = "$(inherited) $(TOOLCHAIN_DIR)/usr/lib/swift/macosx";
				MACOSX_DEPLOYMENT_TARGET = 10.10;
				OTHER_CFLAGS = "$(inherited)";
				OTHER_LDFLAGS = "$(inherited)";
				OTHER_SWIFT_FLAGS = "$(inherited)";
				PRODUCT_BUNDLE_IDENTIFIER = APIKit;
				PRODUCT_MODULE_NAME = "$(TARGET_NAME:c99extidentifier)";
				PRODUCT_NAME = "$(TARGET_NAME:c99extidentifier)";
				SKIP_INSTALL = YES;
				SWIFT_ACTIVE_COMPILATION_CONDITIONS = "$(inherited)";
				SWIFT_VERSION = 5.0;
				TARGET_NAME = APIKit;
				TVOS_DEPLOYMENT_TARGET = 9.0;
				WATCHOS_DEPLOYMENT_TARGET = 2.0;
			};
			name = Release;
		};
		OBJ_82 /* Debug */ = {
			isa = XCBuildConfiguration;
			buildSettings = {
				LD = /usr/bin/true;
				OTHER_SWIFT_FLAGS = "-swift-version 5 -I $(TOOLCHAIN_DIR)/usr/lib/swift/pm/4_2 -target x86_64-apple-macosx10.10 -sdk /Applications/Xcode.app/Contents/Developer/Platforms/MacOSX.platform/Developer/SDKs/MacOSX10.15.sdk -package-description-version 5";
				SWIFT_VERSION = 5.0;
			};
			name = Debug;
		};
		OBJ_83 /* Release */ = {
			isa = XCBuildConfiguration;
			buildSettings = {
				LD = /usr/bin/true;
				OTHER_SWIFT_FLAGS = "-swift-version 5 -I $(TOOLCHAIN_DIR)/usr/lib/swift/pm/4_2 -target x86_64-apple-macosx10.10 -sdk /Applications/Xcode.app/Contents/Developer/Platforms/MacOSX.platform/Developer/SDKs/MacOSX10.15.sdk -package-description-version 5";
				SWIFT_VERSION = 5.0;
			};
			name = Release;
		};
		OBJ_88 /* Debug */ = {
			isa = XCBuildConfiguration;
			buildSettings = {
				ENABLE_TESTABILITY = YES;
				FRAMEWORK_SEARCH_PATHS = (
					"$(inherited)",
					"$(PLATFORM_DIR)/Developer/Library/Frameworks",
				);
				HEADER_SEARCH_PATHS = "$(inherited)";
				INFOPLIST_FILE = Pixela.xcodeproj/Pixela_Info.plist;
				IPHONEOS_DEPLOYMENT_TARGET = 8.0;
				LD_RUNPATH_SEARCH_PATHS = "$(inherited) $(TOOLCHAIN_DIR)/usr/lib/swift/macosx";
				MACOSX_DEPLOYMENT_TARGET = 10.10;
				OTHER_CFLAGS = "$(inherited)";
				OTHER_LDFLAGS = "$(inherited)";
				OTHER_SWIFT_FLAGS = "$(inherited)";
				PRODUCT_BUNDLE_IDENTIFIER = Pixela;
				PRODUCT_MODULE_NAME = "$(TARGET_NAME:c99extidentifier)";
				PRODUCT_NAME = "$(TARGET_NAME:c99extidentifier)";
				SKIP_INSTALL = YES;
				SWIFT_ACTIVE_COMPILATION_CONDITIONS = "$(inherited)";
				SWIFT_VERSION = 5.0;
				TARGET_NAME = Pixela;
				TVOS_DEPLOYMENT_TARGET = 9.0;
				WATCHOS_DEPLOYMENT_TARGET = 2.0;
			};
			name = Debug;
		};
		OBJ_89 /* Release */ = {
			isa = XCBuildConfiguration;
			buildSettings = {
				ENABLE_TESTABILITY = YES;
				FRAMEWORK_SEARCH_PATHS = (
					"$(inherited)",
					"$(PLATFORM_DIR)/Developer/Library/Frameworks",
				);
				HEADER_SEARCH_PATHS = "$(inherited)";
				INFOPLIST_FILE = Pixela.xcodeproj/Pixela_Info.plist;
				IPHONEOS_DEPLOYMENT_TARGET = 8.0;
				LD_RUNPATH_SEARCH_PATHS = "$(inherited) $(TOOLCHAIN_DIR)/usr/lib/swift/macosx";
				MACOSX_DEPLOYMENT_TARGET = 10.10;
				OTHER_CFLAGS = "$(inherited)";
				OTHER_LDFLAGS = "$(inherited)";
				OTHER_SWIFT_FLAGS = "$(inherited)";
				PRODUCT_BUNDLE_IDENTIFIER = Pixela;
				PRODUCT_MODULE_NAME = "$(TARGET_NAME:c99extidentifier)";
				PRODUCT_NAME = "$(TARGET_NAME:c99extidentifier)";
				SKIP_INSTALL = YES;
				SWIFT_ACTIVE_COMPILATION_CONDITIONS = "$(inherited)";
				SWIFT_VERSION = 5.0;
				TARGET_NAME = Pixela;
				TVOS_DEPLOYMENT_TARGET = 9.0;
				WATCHOS_DEPLOYMENT_TARGET = 2.0;
			};
			name = Release;
		};
		OBJ_98 /* Debug */ = {
			isa = XCBuildConfiguration;
			buildSettings = {
				LD = /usr/bin/true;
				OTHER_SWIFT_FLAGS = "-swift-version 5 -I $(TOOLCHAIN_DIR)/usr/lib/swift/pm/4_2 -target x86_64-apple-macosx10.10 -sdk /Applications/Xcode.app/Contents/Developer/Platforms/MacOSX.platform/Developer/SDKs/MacOSX10.15.sdk -package-description-version 5.1";
				SWIFT_VERSION = 5.0;
			};
			name = Debug;
		};
		OBJ_99 /* Release */ = {
			isa = XCBuildConfiguration;
			buildSettings = {
				LD = /usr/bin/true;
				OTHER_SWIFT_FLAGS = "-swift-version 5 -I $(TOOLCHAIN_DIR)/usr/lib/swift/pm/4_2 -target x86_64-apple-macosx10.10 -sdk /Applications/Xcode.app/Contents/Developer/Platforms/MacOSX.platform/Developer/SDKs/MacOSX10.15.sdk -package-description-version 5.1";
				SWIFT_VERSION = 5.0;
			};
			name = Release;
		};
/* End XCBuildConfiguration section */

/* Begin XCConfigurationList section */
		OBJ_103 /* Build configuration list for PBXAggregateTarget "PixelaPackageTests" */ = {
			isa = XCConfigurationList;
			buildConfigurations = (
				OBJ_104 /* Debug */,
				OBJ_105 /* Release */,
			);
			defaultConfigurationIsVisible = 0;
			defaultConfigurationName = Release;
		};
		OBJ_108 /* Build configuration list for PBXNativeTarget "PixelaTests" */ = {
			isa = XCConfigurationList;
			buildConfigurations = (
				OBJ_109 /* Debug */,
				OBJ_110 /* Release */,
			);
			defaultConfigurationIsVisible = 0;
			defaultConfigurationName = Release;
		};
		OBJ_2 /* Build configuration list for PBXProject "Pixela" */ = {
			isa = XCConfigurationList;
			buildConfigurations = (
				OBJ_3 /* Debug */,
				OBJ_4 /* Release */,
			);
			defaultConfigurationIsVisible = 0;
			defaultConfigurationName = Release;
		};
		OBJ_53 /* Build configuration list for PBXNativeTarget "APIKit" */ = {
			isa = XCConfigurationList;
			buildConfigurations = (
				OBJ_54 /* Debug */,
				OBJ_55 /* Release */,
			);
			defaultConfigurationIsVisible = 0;
			defaultConfigurationName = Release;
		};
		OBJ_81 /* Build configuration list for PBXNativeTarget "APIKitPackageDescription" */ = {
			isa = XCConfigurationList;
			buildConfigurations = (
				OBJ_82 /* Debug */,
				OBJ_83 /* Release */,
			);
			defaultConfigurationIsVisible = 0;
			defaultConfigurationName = Release;
		};
		OBJ_87 /* Build configuration list for PBXNativeTarget "Pixela" */ = {
			isa = XCConfigurationList;
			buildConfigurations = (
				OBJ_88 /* Debug */,
				OBJ_89 /* Release */,
			);
			defaultConfigurationIsVisible = 0;
			defaultConfigurationName = Release;
		};
		OBJ_97 /* Build configuration list for PBXNativeTarget "PixelaPackageDescription" */ = {
			isa = XCConfigurationList;
			buildConfigurations = (
				OBJ_98 /* Debug */,
				OBJ_99 /* Release */,
			);
			defaultConfigurationIsVisible = 0;
			defaultConfigurationName = Release;
		};
/* End XCConfigurationList section */
	};
	rootObject = OBJ_1 /* Project object */;
}
